
Microsoft Visual Studio Solution File, Format Version 12.00
# Visual Studio Version 16
VisualStudioVersion = 16.0.31911.196
MinimumVisualStudioVersion = 10.0.40219.1
Project("{FAE04EC0-301F-11D3-BF4B-00C04F79EFBC}") = "WebApp1", "WebApp1\WebApp1.csproj", "{852A44F3-633D-4C12-A09E-C07A5D53C1A2}"
EndProject
Global
	GlobalSection(SolutionConfigurationPlatforms) = preSolution
		Debug|Any CPU = Debug|Any CPU
		Release|Any CPU = Release|Any CPU
	EndGlobalSection
	GlobalSection(ProjectConfigurationPlatforms) = postSolution
		{852A44F3-633D-4C12-A09E-C07A5D53C1A2}.Debug|Any CPU.ActiveCfg = Debug|Any CPU
		{852A44F3-633D-4C12-A09E-C07A5D53C1A2}.Debug|Any CPU.Build.0 = Debug|Any CPU
		{852A44F3-633D-4C12-A09E-C07A5D53C1A2}.Release|Any CPU.ActiveCfg = Release|Any CPU
		{852A44F3-633D-4C12-A09E-C07A5D53C1A2}.Release|Any CPU.Build.0 = Release|Any CPU
	EndGlobalSection
	GlobalSection(SolutionProperties) = preSolution
		HideSolutionNode = FALSE
	EndGlobalSection
	GlobalSection(ExtensibilityGlobals) = postSolution
		SolutionGuid = {89B765E3-B66C-47D7-8BB9-A12E30197F25}
	EndGlobalSection
EndGlobal
